
Microsoft Visual Studio Solution File, Format Version 12.00
# Visual Studio 15
VisualStudioVersion = 15.0.27428.2005
MinimumVisualStudioVersion = 10.0.40219.1
Project("{FAE04EC0-301F-11D3-BF4B-00C04F79EFBC}") = "ExampleMod", "ExampleMod\ExampleMod.csproj", "{BEB208EA-9CD3-4A9F-9284-29F44A295EEE}"
EndProject
Global
	GlobalSection(SolutionConfigurationPlatforms) = preSolution
		Debug|Any CPU = Debug|Any CPU
		Release|Any CPU = Release|Any CPU
	EndGlobalSection
	GlobalSection(ProjectConfigurationPlatforms) = postSolution
		{BEB208EA-9CD3-4A9F-9284-29F44A295EEE}.Debug|Any CPU.ActiveCfg = Debug|Any CPU
		{BEB208EA-9CD3-4A9F-9284-29F44A295EEE}.Debug|Any CPU.Build.0 = Debug|Any CPU
		{BEB208EA-9CD3-4A9F-9284-29F44A295EEE}.Release|Any CPU.ActiveCfg = Release|Any CPU
		{BEB208EA-9CD3-4A9F-9284-29F44A295EEE}.Release|Any CPU.Build.0 = Release|Any CPU
	EndGlobalSection
	GlobalSection(SolutionProperties) = preSolution
		HideSolutionNode = FALSE
	EndGlobalSection
	GlobalSection(ExtensibilityGlobals) = postSolution
		SolutionGuid = {721317D3-28CF-4B60-8102-9E539FA562D7}
	EndGlobalSection
EndGlobal
